Microsoft Visual Studio Solution File, Format Version 12.00
# Visual Studio Version 17
VisualStudioVersion = 17.0.31903.59
MinimumVisualStudioVersion = 10.0.40219.1
Project("{FAE04EC0-301F-11D3-BF4B-00C04F79EFBC}") = "Agro360.SharedKernel", "src\BuildingBlocks\Agro360.SharedKernel\Agro360.SharedKernel.csproj", "{03B2294E-316F-4D9E-9ADB-C051E8C26E9A}"
EndProject
Project("{FAE04EC0-301F-11D3-BF4B-00C04F79EFBC}") = "Agro360.Multitenancy", "src\BuildingBlocks\Agro360.Multitenancy\Agro360.Multitenancy.csproj", "{4E44834C-B971-4E40-8453-13F009A93B24}"
EndProject
Project("{FAE04EC0-301F-11D3-BF4B-00C04F79EFBC}") = "Agro360.Domain", "src\Modules\Agro360.Domain\Agro360.Domain.csproj", "{F4B3A7FA-C4AB-42CE-BF66-93DB97C63A9B}"
EndProject
Project("{FAE04EC0-301F-11D3-BF4B-00C04F79EFBC}") = "Agro360.Application", "src\Modules\Agro360.Application\Agro360.Application.csproj", "{F0AFF8F2-32D3-4552-A143-C50DE3AF84AA}"
EndProject
Project("{FAE04EC0-301F-11D3-BF4B-00C04F79EFBC}") = "Agro360.Infrastructure", "src\Modules\Agro360.Infrastructure\Agro360.Infrastructure.csproj", "{5B67D8D7-8236-4264-855A-5A0EBBB4D12A}"
EndProject
Project("{FAE04EC0-301F-11D3-BF4B-00C04F79EFBC}") = "Agro360.Api", "src\Hosts\Agro360.Api\Agro360.Api.csproj", "{A0D84F64-84EF-4901-8713-D1D99D8BD421}"
EndProject
Project("{FAE04EC0-301F-11D3-BF4B-00C04F79EFBC}") = "Agro360.Web", "src\Hosts\Agro360.Web\Agro360.Web.csproj", "{C69603D8-DA8B-4C55-A307-23BC416F30F8}"
EndProject
Project("{FAE04EC0-301F-11D3-BF4B-00C04F79EFBC}") = "Agro360.Worker", "src\Hosts\Agro360.Worker\Agro360.Worker.csproj", "{55E46C8E-A324-4D2F-BF07-5A26D2FEE3BD}"
EndProject
Project("{FAE04EC0-301F-11D3-BF4B-00C04F79EFBC}") = "Agro360.Migrator", "src\Hosts\Agro360.Migrator\Agro360.Migrator.csproj", "{2B07EF14-4D60-42B7-825E-026806AF469F}"
EndProject
Project("{FAE04EC0-301F-11D3-BF4B-00C04F79EFBC}") = "Agro360.Mobile.Core", "src\Mobile\Agro360.Mobile.Core\Agro360.Mobile.Core.csproj", "{5268DAD6-0CA9-4340-8E2D-C729E9D6D645}"
EndProject
Project("{FAE04EC0-301F-11D3-BF4B-00C04F79EFBC}") = "Agro360.UnitTests", "tests\Agro360.UnitTests\Agro360.UnitTests.csproj", "{F73E275A-25DE-45F9-8E81-D7D99BE69EF1}"
EndProject
Project("{FAE04EC0-301F-11D3-BF4B-00C04F79EFBC}") = "Agro360.ArchitectureTests", "tests\Agro360.ArchitectureTests\Agro360.ArchitectureTests.csproj", "{8124F291-3DC4-431F-A163-B6626BEB64E2}"
EndProject
Project("{FAE04EC0-301F-11D3-BF4B-00C04F79EFBC}") = "Agro360.IntegrationTests", "tests\Agro360.IntegrationTests\Agro360.IntegrationTests.csproj", "{EFC8FE7A-E65E-43B4-A8E1-BC78B2FF301B}"
EndProject
Global
	GlobalSection(SolutionConfigurationPlatforms) = preSolution
		Debug|Any CPU = Debug|Any CPU
		Release|Any CPU = Release|Any CPU
	EndGlobalSection
	GlobalSection(ProjectConfigurationPlatforms) = postSolution
		{03B2294E-316F-4D9E-9ADB-C051E8C26E9A}.Debug|Any CPU.ActiveCfg = Debug|Any CPU
		{03B2294E-316F-4D9E-9ADB-C051E8C26E9A}.Debug|Any CPU.Build.0 = Debug|Any CPU
		{03B2294E-316F-4D9E-9ADB-C051E8C26E9A}.Release|Any CPU.ActiveCfg = Release|Any CPU
		{03B2294E-316F-4D9E-9ADB-C051E8C26E9A}.Release|Any CPU.Build.0 = Release|Any CPU
		{4E44834C-B971-4E40-8453-13F009A93B24}.Debug|Any CPU.ActiveCfg = Debug|Any CPU
		{4E44834C-B971-4E40-8453-13F009A93B24}.Debug|Any CPU.Build.0 = Debug|Any CPU
		{4E44834C-B971-4E40-8453-13F009A93B24}.Release|Any CPU.ActiveCfg = Release|Any CPU
		{4E44834C-B971-4E40-8453-13F009A93B24}.Release|Any CPU.Build.0 = Release|Any CPU
		{F4B3A7FA-C4AB-42CE-BF66-93DB97C63A9B}.Debug|Any CPU.ActiveCfg = Debug|Any CPU
		{F4B3A7FA-C4AB-42CE-BF66-93DB97C63A9B}.Debug|Any CPU.Build.0 = Debug|Any CPU
		{F4B3A7FA-C4AB-42CE-BF66-93DB97C63A9B}.Release|Any CPU.ActiveCfg = Release|Any CPU
		{F4B3A7FA-C4AB-42CE-BF66-93DB97C63A9B}.Release|Any CPU.Build.0 = Release|Any CPU
		{F0AFF8F2-32D3-4552-A143-C50DE3AF84AA}.Debug|Any CPU.ActiveCfg = Debug|Any CPU
		{F0AFF8F2-32D3-4552-A143-C50DE3AF84AA}.Debug|Any CPU.Build.0 = Debug|Any CPU
		{F0AFF8F2-32D3-4552-A143-C50DE3AF84AA}.Release|Any CPU.ActiveCfg = Release|Any CPU
		{F0AFF8F2-32D3-4552-A143-C50DE3AF84AA}.Release|Any CPU.Build.0 = Release|Any CPU
		{5B67D8D7-8236-4264-855A-5A0EBBB4D12A}.Debug|Any CPU.ActiveCfg = Debug|Any CPU
		{5B67D8D7-8236-4264-855A-5A0EBBB4D12A}.Debug|Any CPU.Build.0 = Debug|Any CPU
		{5B67D8D7-8236-4264-855A-5A0EBBB4D12A}.Release|Any CPU.ActiveCfg = Release|Any CPU
		{5B67D8D7-8236-4264-855A-5A0EBBB4D12A}.Release|Any CPU.Build.0 = Release|Any CPU
		{A0D84F64-84EF-4901-8713-D1D99D8BD421}.Debug|Any CPU.ActiveCfg = Debug|Any CPU
		{A0D84F64-84EF-4901-8713-D1D99D8BD421}.Debug|Any CPU.Build.0 = Debug|Any CPU
		{A0D84F64-84EF-4901-8713-D1D99D8BD421}.Release|Any CPU.ActiveCfg = Release|Any CPU
		{A0D84F64-84EF-4901-8713-D1D99D8BD421}.Release|Any CPU.Build.0 = Release|Any CPU
		{C69603D8-DA8B-4C55-A307-23BC416F30F8}.Debug|Any CPU.ActiveCfg = Debug|Any CPU
		{C69603D8-DA8B-4C55-A307-23BC416F30F8}.Debug|Any CPU.Build.0 = Debug|Any CPU
		{C69603D8-DA8B-4C55-A307-23BC416F30F8}.Release|Any CPU.ActiveCfg = Release|Any CPU
		{C69603D8-DA8B-4C55-A307-23BC416F30F8}.Release|Any CPU.Build.0 = Release|Any CPU
		{55E46C8E-A324-4D2F-BF07-5A26D2FEE3BD}.Debug|Any CPU.ActiveCfg = Debug|Any CPU
		{55E46C8E-A324-4D2F-BF07-5A26D2FEE3BD}.Debug|Any CPU.Build.0 = Debug|Any CPU
		{55E46C8E-A324-4D2F-BF07-5A26D2FEE3BD}.Release|Any CPU.ActiveCfg = Release|Any CPU
		{55E46C8E-A324-4D2F-BF07-5A26D2FEE3BD}.Release|Any CPU.Build.0 = Release|Any CPU
		{2B07EF14-4D60-42B7-825E-026806AF469F}.Debug|Any CPU.ActiveCfg = Debug|Any CPU
		{2B07EF14-4D60-42B7-825E-026806AF469F}.Debug|Any CPU.Build.0 = Debug|Any CPU
		{2B07EF14-4D60-42B7-825E-026806AF469F}.Release|Any CPU.ActiveCfg = Release|Any CPU
		{2B07EF14-4D60-42B7-825E-026806AF469F}.Release|Any CPU.Build.0 = Release|Any CPU
		{5268DAD6-0CA9-4340-8E2D-C729E9D6D645}.Debug|Any CPU.ActiveCfg = Debug|Any CPU
		{5268DAD6-0CA9-4340-8E2D-C729E9D6D645}.Debug|Any CPU.Build.0 = Debug|Any CPU
		{5268DAD6-0CA9-4340-8E2D-C729E9D6D645}.Release|Any CPU.ActiveCfg = Release|Any CPU
		{5268DAD6-0CA9-4340-8E2D-C729E9D6D645}.Release|Any CPU.Build.0 = Release|Any CPU
		{F73E275A-25DE-45F9-8E81-D7D99BE69EF1}.Debug|Any CPU.ActiveCfg = Debug|Any CPU
		{F73E275A-25DE-45F9-8E81-D7D99BE69EF1}.Debug|Any CPU.Build.0 = Debug|Any CPU
		{F73E275A-25DE-45F9-8E81-D7D99BE69EF1}.Release|Any CPU.ActiveCfg = Release|Any CPU
		{F73E275A-25DE-45F9-8E81-D7D99BE69EF1}.Release|Any CPU.Build.0 = Release|Any CPU
		{8124F291-3DC4-431F-A163-B6626BEB64E2}.Debug|Any CPU.ActiveCfg = Debug|Any CPU
		{8124F291-3DC4-431F-A163-B6626BEB64E2}.Debug|Any CPU.Build.0 = Debug|Any CPU
		{8124F291-3DC4-431F-A163-B6626BEB64E2}.Release|Any CPU.ActiveCfg = Release|Any CPU
		{8124F291-3DC4-431F-A163-B6626BEB64E2}.Release|Any CPU.Build.0 = Release|Any CPU
		{EFC8FE7A-E65E-43B4-A8E1-BC78B2FF301B}.Debug|Any CPU.ActiveCfg = Debug|Any CPU
		{EFC8FE7A-E65E-43B4-A8E1-BC78B2FF301B}.Debug|Any CPU.Build.0 = Debug|Any CPU
		{EFC8FE7A-E65E-43B4-A8E1-BC78B2FF301B}.Release|Any CPU.ActiveCfg = Release|Any CPU
		{EFC8FE7A-E65E-43B4-A8E1-BC78B2FF301B}.Release|Any CPU.Build.0 = Release|Any CPU
	EndGlobalSection
EndGlobal
